
Microsoft Visual Studio Solution File, Format Version 12.00
# Visual Studio Version 17
VisualStudioVersion = 17.10.34916.146
MinimumVisualStudioVersion = 10.0.40219.1
Project("{FAE04EC0-301F-11D3-BF4B-00C04F79EFBC}") = "AllegoLogFileMerger", "AllegoLogFileMerger\AllegoLogFileMerger.csproj", "{655FE7E0-7705-4C67-A770-96E2A02015A2}"
EndProject
Global
	GlobalSection(SolutionConfigurationPlatforms) = preSolution
		Debug|Any CPU = Debug|Any CPU
		Release|Any CPU = Release|Any CPU
	EndGlobalSection
	GlobalSection(ProjectConfigurationPlatforms) = postSolution
		{655FE7E0-7705-4C67-A770-96E2A02015A2}.Debug|Any CPU.ActiveCfg = Debug|Any CPU
		{655FE7E0-7705-4C67-A770-96E2A02015A2}.Debug|Any CPU.Build.0 = Debug|Any CPU
		{655FE7E0-7705-4C67-A770-96E2A02015A2}.Release|Any CPU.ActiveCfg = Release|Any CPU
		{655FE7E0-7705-4C67-A770-96E2A02015A2}.Release|Any CPU.Build.0 = Release|Any CPU
	EndGlobalSection
	GlobalSection(SolutionProperties) = preSolution
		HideSolutionNode = FALSE
	EndGlobalSection
	GlobalSection(ExtensibilityGlobals) = postSolution
		SolutionGuid = {941A3D68-9AF1-4818-939E-F558C7FD840D}
	EndGlobalSection
EndGlobal
